
Microsoft Visual Studio Solution File, Format Version 12.00
# Visual Studio 15
VisualStudioVersion = 15.0.28307.1022
MinimumVisualStudioVersion = 10.0.40219.1
Project("{FAE04EC0-301F-11D3-BF4B-00C04F79EFBC}") = "Multiples3and5", "Multiples3and5\Multiples3and5.csproj", "{CCE50B07-173B-4741-AEC1-15D0B353F73C}"
EndProject
Global
	GlobalSection(SolutionConfigurationPlatforms) = preSolution
		Debug|Any CPU = Debug|Any CPU
		Release|Any CPU = Release|Any CPU
	EndGlobalSection
	GlobalSection(ProjectConfigurationPlatforms) = postSolution
		{CCE50B07-173B-4741-AEC1-15D0B353F73C}.Debug|Any CPU.ActiveCfg = Debug|Any CPU
		{CCE50B07-173B-4741-AEC1-15D0B353F73C}.Debug|Any CPU.Build.0 = Debug|Any CPU
		{CCE50B07-173B-4741-AEC1-15D0B353F73C}.Release|Any CPU.ActiveCfg = Release|Any CPU
		{CCE50B07-173B-4741-AEC1-15D0B353F73C}.Release|Any CPU.Build.0 = Release|Any CPU
	EndGlobalSection
	GlobalSection(SolutionProperties) = preSolution
		HideSolutionNode = FALSE
	EndGlobalSection
	GlobalSection(ExtensibilityGlobals) = postSolution
		SolutionGuid = {19E507EC-0CB7-44F3-98E9-31DFDAC629FB}
	EndGlobalSection
EndGlobal
